{
  "name": "@fuyofulo/medium-clone-common",
  "version": "1.0.0",
  "lockfileVersion": 3,
  "requires": true,
  "packages": {
    "node_modules/@fuyofulo/medium-clone-common": {
      "version": "1.0.0",
      "resolved": "https://registry.npmjs.org/@fuyofulo/medium-clone-common/-/medium-clone-common-1.0.0.tgz",
      "integrity": "sha512-jnB03ySGugILTyumi/E9UK7XKH4z/YbwYBMJaB9O9EO/ITvaEdeF/CPm7nmz/fUID/fUHUuOilnC+8gof2gE8g==",
      "dependencies": {
        "zod": "^3.23.8"
      }
    },
    "node_modules/zod": {
      "version": "3.23.8",
      "resolved": "https://registry.npmjs.org/zod/-/zod-3.23.8.tgz",
      "integrity": "sha512-XBx9AXhXktjUqnepgTiE5flcKIYWi/rme0Eaj+5Y0lftuGBq+jyRu/md4WnuxqgP1ubdpNCsYEYPxrzVHD8d6g==",
      "funding": {
        "url": "https://github.com/sponsors/colinhacks"
      }
    }
  }
}
